
Microsoft Visual Studio Solution File, Format Version 12.00
# Visual Studio Version 17
VisualStudioVersion = 17.6.33815.320
MinimumVisualStudioVersion = 10.0.40219.1
Project("{FAE04EC0-301F-11D3-BF4B-00C04F79EFBC}") = "WebShop", "WebShop\WebShop.csproj", "{37055929-7E73-4E17-8B7D-89FF0256A44B}"
EndProject
Global
	GlobalSection(SolutionConfigurationPlatforms) = preSolution
		Debug|Any CPU = Debug|Any CPU
		Release|Any CPU = Release|Any CPU
	EndGlobalSection
	GlobalSection(ProjectConfigurationPlatforms) = postSolution
		{37055929-7E73-4E17-8B7D-89FF0256A44B}.Debug|Any CPU.ActiveCfg = Debug|Any CPU
		{37055929-7E73-4E17-8B7D-89FF0256A44B}.Debug|Any CPU.Build.0 = Debug|Any CPU
		{37055929-7E73-4E17-8B7D-89FF0256A44B}.Release|Any CPU.ActiveCfg = Release|Any CPU
		{37055929-7E73-4E17-8B7D-89FF0256A44B}.Release|Any CPU.Build.0 = Release|Any CPU
	EndGlobalSection
	GlobalSection(SolutionProperties) = preSolution
		HideSolutionNode = FALSE
	EndGlobalSection
	GlobalSection(ExtensibilityGlobals) = postSolution
		SolutionGuid = {5686E467-49B3-49DC-855A-4BA97268AFC4}
	EndGlobalSection
EndGlobal
